# THIS IS AN AUTOGENERATED FILE. DO NOT EDIT THIS FILE DIRECTLY.
# yarn lockfile v1


"@types/webextension-polyfill@^0.8.3":
  version "0.8.3"
  resolved "https://registry.yarnpkg.com/@types/webextension-polyfill/-/webextension-polyfill-0.8.3.tgz#eb601b3fcf524f0ecf7d7579ccbd237928d0dda7"
  integrity sha512-GN+Hjzy9mXjWoXKmaicTegv3FJ0WFZ3aYz77Wk8TMp1IY3vEzvzj1vnsa0ggV7vMI1i+PUxe4qqnIJKCzf9aTg==

comlink@^4.3.0:
  version "4.3.0"
  resolved "https://registry.yarnpkg.com/comlink/-/comlink-4.3.0.tgz#80b3366baccd87897dab3638ebfcfae28b2f87c7"
  integrity sha512-mu4KKKNuW8TvkfpW/H88HBPeILubBS6T94BdD1VWBXNXfiyqVtwUCVNO1GeNOBTsIswzsMjWlycYr+77F5b84g==

typescript@^3.9.6:
  version "3.9.6"
  resolved "https://registry.yarnpkg.com/typescript/-/typescript-3.9.6.tgz#8f3e0198a34c3ae17091b35571d3afd31999365a"
  integrity sha512-Pspx3oKAPJtjNwE92YS05HQoY7z2SFyOpHo9MqJor3BXAGNaPUs83CuVp9VISFkSjyRfiTpmKuAYGJB7S7hOxw==

webextension-polyfill@^0.9.0:
  version "0.9.0"
  resolved "https://registry.yarnpkg.com/webextension-polyfill/-/webextension-polyfill-0.9.0.tgz#de6c1941d0ef1b0858b20e9c7b46bbc042c5a960"
  integrity sha512-LTtHb0yR49xa9irkstDxba4GATDAcDw3ncnFH9RImoFwDlW47U95ME5sn5IiQX2ghfaECaf6xyXM8yvClIBkkw==
