# THIS IS AN AUTOGENERATED FILE. DO NOT EDIT THIS FILE DIRECTLY.
# yarn lockfile v1


comlink@^4.3.0:
  version "4.3.0"
  resolved "https://registry.yarnpkg.com/comlink/-/comlink-4.3.0.tgz#80b3366baccd87897dab3638ebfcfae28b2f87c7"
  integrity sha512-mu4KKKNuW8TvkfpW/H88HBPeILubBS6T94BdD1VWBXNXfiyqVtwUCVNO1GeNOBTsIswzsMjWlycYr+77F5b84g==

typescript@^3.9.6:
  version "3.9.6"
  resolved "https://registry.yarnpkg.com/typescript/-/typescript-3.9.6.tgz#8f3e0198a34c3ae17091b35571d3afd31999365a"
  integrity sha512-Pspx3oKAPJtjNwE92YS05HQoY7z2SFyOpHo9MqJor3BXAGNaPUs83CuVp9VISFkSjyRfiTpmKuAYGJB7S7hOxw==

webextension-polyfill-ts@^0.19.0:
  version "0.19.0"
  resolved "https://registry.yarnpkg.com/webextension-polyfill-ts/-/webextension-polyfill-ts-0.19.0.tgz#3e3a059c656936c853b47d2a57bf114c615c1e1e"
  integrity sha512-VcA7bdf0dzUc8JXQwQU+spSUTV0Gc0Y7VPsdrEFLbuTxJluC4xBoKVWtfUXRqykVfDvFsfo591+p1MmPSJezsw==
  dependencies:
    webextension-polyfill "^0.6.0"

webextension-polyfill@^0.6.0:
  version "0.6.0"
  resolved "https://registry.yarnpkg.com/webextension-polyfill/-/webextension-polyfill-0.6.0.tgz#1afd925f3274a0d4848083579b9c0b649a5c6763"
  integrity sha512-PlYwiX8e4bNZrEeBFxbFFsLtm0SMPxJliLTGdNCA0Bq2XkWrAn2ejUd+89vZm+8BnfFB1BclJyCz3iKsm2atNg==
